
Microsoft Visual Studio Solution File, Format Version 12.00
# Visual Studio Version 16
VisualStudioVersion = 16.0.30523.141
MinimumVisualStudioVersion = 10.0.40219.1
Project("{9A19103F-16F7-4668-BE54-9A1E7A4F7556}") = "RediveExtract", "RediveExtract\RediveExtract.csproj", "{6D2CBF4E-F17E-46FB-86D6-6F7602D84C39}"
EndProject
Project("{9A19103F-16F7-4668-BE54-9A1E7A4F7556}") = "RediveStoryDeserializer", "RediveStoryDeserializer\RediveStoryDeserializer.csproj", "{239B99B6-F434-469F-9567-82C2EFD6400B}"
EndProject
Project("{9A19103F-16F7-4668-BE54-9A1E7A4F7556}") = "AssetStudioCore", "AssetStudioCore\AssetStudioCore\AssetStudioCore.csproj", "{B2A24419-CF22-4F0D-816C-973CB51C2DA3}"
EndProject
Project("{9A19103F-16F7-4668-BE54-9A1E7A4F7556}") = "RediveMediaExtractor", "RediveVideoExtractor\RediveMediaExtractor.csproj", "{56360167-B370-4FAE-B18B-C1E5958EE583}"
EndProject
Project("{FAE04EC0-301F-11D3-BF4B-00C04F79EFBC}") = "RediveUtils", "RediveUtils\RediveUtils.csproj", "{9D4B454E-8B6C-402F-ACC5-27647F17D98B}"
EndProject
Project("{FAE04EC0-301F-11D3-BF4B-00C04F79EFBC}") = "CriFormat", "CriDemuxer\CriFormat\CriFormat.csproj", "{563E7924-B639-4578-8CC9-511C2ED7C12D}"
EndProject
Project("{FAE04EC0-301F-11D3-BF4B-00C04F79EFBC}") = "CriUtils", "CriDemuxer\CriUtils\CriUtils.csproj", "{D8A06E4D-36CE-4DA6-B671-0BEF61246940}"
EndProject
Project("{FAE04EC0-301F-11D3-BF4B-00C04F79EFBC}") = "AcbAudio", "HcaConverter\AcbAudio\AcbAudio.csproj", "{E989BFFF-1C17-40FB-A54D-3222B1AAF7F8}"
EndProject
Project("{FAE04EC0-301F-11D3-BF4B-00C04F79EFBC}") = "HcaCommon", "HcaConverter\HcaCommon\HcaCommon.csproj", "{7A48787C-BA51-47AA-9350-93269EE23ACC}"
EndProject
Project("{FAE04EC0-301F-11D3-BF4B-00C04F79EFBC}") = "HcaAudio", "HcaConverter\HcaAudio\HcaAudio.csproj", "{CC141AD5-16E8-473B-8547-3347669C33AA}"
EndProject
Project("{2150E333-8FDC-42A3-9474-1A3956D46DE8}") = "DereTore", "DereTore", "{0EDAD429-6197-4233-95E7-D3705731C9D6}"
EndProject
Project("{2150E333-8FDC-42A3-9474-1A3956D46DE8}") = "VGMToolbox", "VGMToolbox", "{21C66041-FDF8-4D4B-A2B1-A6FFB4992E6B}"
EndProject
Global
	GlobalSection(SolutionConfigurationPlatforms) = preSolution
		Debug|Any CPU = Debug|Any CPU
		Debug|x86 = Debug|x86
		Release|Any CPU = Release|Any CPU
		Release|x86 = Release|x86
	EndGlobalSection
	GlobalSection(ProjectConfigurationPlatforms) = postSolution
		{6D2CBF4E-F17E-46FB-86D6-6F7602D84C39}.Debug|Any CPU.ActiveCfg = Debug|Any CPU
		{6D2CBF4E-F17E-46FB-86D6-6F7602D84C39}.Debug|Any CPU.Build.0 = Debug|Any CPU
		{6D2CBF4E-F17E-46FB-86D6-6F7602D84C39}.Debug|x86.ActiveCfg = Debug|Any CPU
		{6D2CBF4E-F17E-46FB-86D6-6F7602D84C39}.Debug|x86.Build.0 = Debug|Any CPU
		{6D2CBF4E-F17E-46FB-86D6-6F7602D84C39}.Release|Any CPU.ActiveCfg = Release|Any CPU
		{6D2CBF4E-F17E-46FB-86D6-6F7602D84C39}.Release|Any CPU.Build.0 = Release|Any CPU
		{6D2CBF4E-F17E-46FB-86D6-6F7602D84C39}.Release|x86.ActiveCfg = Release|Any CPU
		{6D2CBF4E-F17E-46FB-86D6-6F7602D84C39}.Release|x86.Build.0 = Release|Any CPU
		{239B99B6-F434-469F-9567-82C2EFD6400B}.Debug|Any CPU.ActiveCfg = Debug|Any CPU
		{239B99B6-F434-469F-9567-82C2EFD6400B}.Debug|Any CPU.Build.0 = Debug|Any CPU
		{239B99B6-F434-469F-9567-82C2EFD6400B}.Debug|x86.ActiveCfg = Debug|Any CPU
		{239B99B6-F434-469F-9567-82C2EFD6400B}.Debug|x86.Build.0 = Debug|Any CPU
		{239B99B6-F434-469F-9567-82C2EFD6400B}.Release|Any CPU.ActiveCfg = Release|Any CPU
		{239B99B6-F434-469F-9567-82C2EFD6400B}.Release|Any CPU.Build.0 = Release|Any CPU
		{239B99B6-F434-469F-9567-82C2EFD6400B}.Release|x86.ActiveCfg = Release|Any CPU
		{239B99B6-F434-469F-9567-82C2EFD6400B}.Release|x86.Build.0 = Release|Any CPU
		{B2A24419-CF22-4F0D-816C-973CB51C2DA3}.Debug|Any CPU.ActiveCfg = Debug|Any CPU
		{B2A24419-CF22-4F0D-816C-973CB51C2DA3}.Debug|Any CPU.Build.0 = Debug|Any CPU
		{B2A24419-CF22-4F0D-816C-973CB51C2DA3}.Debug|x86.ActiveCfg = Debug|Any CPU
		{B2A24419-CF22-4F0D-816C-973CB51C2DA3}.Debug|x86.Build.0 = Debug|Any CPU
		{B2A24419-CF22-4F0D-816C-973CB51C2DA3}.Release|Any CPU.ActiveCfg = Release|Any CPU
		{B2A24419-CF22-4F0D-816C-973CB51C2DA3}.Release|Any CPU.Build.0 = Release|Any CPU
		{B2A24419-CF22-4F0D-816C-973CB51C2DA3}.Release|x86.ActiveCfg = Release|Any CPU
		{B2A24419-CF22-4F0D-816C-973CB51C2DA3}.Release|x86.Build.0 = Release|Any CPU
		{56360167-B370-4FAE-B18B-C1E5958EE583}.Debug|Any CPU.ActiveCfg = Debug|Any CPU
		{56360167-B370-4FAE-B18B-C1E5958EE583}.Debug|Any CPU.Build.0 = Debug|Any CPU
		{56360167-B370-4FAE-B18B-C1E5958EE583}.Debug|x86.ActiveCfg = Debug|Any CPU
		{56360167-B370-4FAE-B18B-C1E5958EE583}.Debug|x86.Build.0 = Debug|Any CPU
		{56360167-B370-4FAE-B18B-C1E5958EE583}.Release|Any CPU.ActiveCfg = Release|Any CPU
		{56360167-B370-4FAE-B18B-C1E5958EE583}.Release|Any CPU.Build.0 = Release|Any CPU
		{56360167-B370-4FAE-B18B-C1E5958EE583}.Release|x86.ActiveCfg = Release|Any CPU
		{56360167-B370-4FAE-B18B-C1E5958EE583}.Release|x86.Build.0 = Release|Any CPU
		{9D4B454E-8B6C-402F-ACC5-27647F17D98B}.Debug|Any CPU.ActiveCfg = Debug|Any CPU
		{9D4B454E-8B6C-402F-ACC5-27647F17D98B}.Debug|Any CPU.Build.0 = Debug|Any CPU
		{9D4B454E-8B6C-402F-ACC5-27647F17D98B}.Debug|x86.ActiveCfg = Debug|Any CPU
		{9D4B454E-8B6C-402F-ACC5-27647F17D98B}.Debug|x86.Build.0 = Debug|Any CPU
		{9D4B454E-8B6C-402F-ACC5-27647F17D98B}.Release|Any CPU.ActiveCfg = Release|Any CPU
		{9D4B454E-8B6C-402F-ACC5-27647F17D98B}.Release|Any CPU.Build.0 = Release|Any CPU
		{9D4B454E-8B6C-402F-ACC5-27647F17D98B}.Release|x86.ActiveCfg = Release|Any CPU
		{9D4B454E-8B6C-402F-ACC5-27647F17D98B}.Release|x86.Build.0 = Release|Any CPU
		{563E7924-B639-4578-8CC9-511C2ED7C12D}.Debug|Any CPU.ActiveCfg = Debug|Any CPU
		{563E7924-B639-4578-8CC9-511C2ED7C12D}.Debug|Any CPU.Build.0 = Debug|Any CPU
		{563E7924-B639-4578-8CC9-511C2ED7C12D}.Debug|x86.ActiveCfg = Debug|Any CPU
		{563E7924-B639-4578-8CC9-511C2ED7C12D}.Debug|x86.Build.0 = Debug|Any CPU
		{563E7924-B639-4578-8CC9-511C2ED7C12D}.Release|Any CPU.ActiveCfg = Release|Any CPU
		{563E7924-B639-4578-8CC9-511C2ED7C12D}.Release|Any CPU.Build.0 = Release|Any CPU
		{563E7924-B639-4578-8CC9-511C2ED7C12D}.Release|x86.ActiveCfg = Release|Any CPU
		{563E7924-B639-4578-8CC9-511C2ED7C12D}.Release|x86.Build.0 = Release|Any CPU
		{D8A06E4D-36CE-4DA6-B671-0BEF61246940}.Debug|Any CPU.ActiveCfg = Debug|Any CPU
		{D8A06E4D-36CE-4DA6-B671-0BEF61246940}.Debug|Any CPU.Build.0 = Debug|Any CPU
		{D8A06E4D-36CE-4DA6-B671-0BEF61246940}.Debug|x86.ActiveCfg = Debug|Any CPU
		{D8A06E4D-36CE-4DA6-B671-0BEF61246940}.Debug|x86.Build.0 = Debug|Any CPU
		{D8A06E4D-36CE-4DA6-B671-0BEF61246940}.Release|Any CPU.ActiveCfg = Release|Any CPU
		{D8A06E4D-36CE-4DA6-B671-0BEF61246940}.Release|Any CPU.Build.0 = Release|Any CPU
		{D8A06E4D-36CE-4DA6-B671-0BEF61246940}.Release|x86.ActiveCfg = Release|Any CPU
		{D8A06E4D-36CE-4DA6-B671-0BEF61246940}.Release|x86.Build.0 = Release|Any CPU
		{E989BFFF-1C17-40FB-A54D-3222B1AAF7F8}.Debug|Any CPU.ActiveCfg = Debug|Any CPU
		{E989BFFF-1C17-40FB-A54D-3222B1AAF7F8}.Debug|Any CPU.Build.0 = Debug|Any CPU
		{E989BFFF-1C17-40FB-A54D-3222B1AAF7F8}.Debug|x86.ActiveCfg = Debug|Any CPU
		{E989BFFF-1C17-40FB-A54D-3222B1AAF7F8}.Debug|x86.Build.0 = Debug|Any CPU
		{E989BFFF-1C17-40FB-A54D-3222B1AAF7F8}.Release|Any CPU.ActiveCfg = Release|Any CPU
		{E989BFFF-1C17-40FB-A54D-3222B1AAF7F8}.Release|Any CPU.Build.0 = Release|Any CPU
		{E989BFFF-1C17-40FB-A54D-3222B1AAF7F8}.Release|x86.ActiveCfg = Release|Any CPU
		{E989BFFF-1C17-40FB-A54D-3222B1AAF7F8}.Release|x86.Build.0 = Release|Any CPU
		{7A48787C-BA51-47AA-9350-93269EE23ACC}.Debug|Any CPU.ActiveCfg = Debug|Any CPU
		{7A48787C-BA51-47AA-9350-93269EE23ACC}.Debug|Any CPU.Build.0 = Debug|Any CPU
		{7A48787C-BA51-47AA-9350-93269EE23ACC}.Debug|x86.ActiveCfg = Debug|Any CPU
		{7A48787C-BA51-47AA-9350-93269EE23ACC}.Debug|x86.Build.0 = Debug|Any CPU
		{7A48787C-BA51-47AA-9350-93269EE23ACC}.Release|Any CPU.ActiveCfg = Release|Any CPU
		{7A48787C-BA51-47AA-9350-93269EE23ACC}.Release|Any CPU.Build.0 = Release|Any CPU
		{7A48787C-BA51-47AA-9350-93269EE23ACC}.Release|x86.ActiveCfg = Release|Any CPU
		{7A48787C-BA51-47AA-9350-93269EE23ACC}.Release|x86.Build.0 = Release|Any CPU
		{CC141AD5-16E8-473B-8547-3347669C33AA}.Debug|Any CPU.ActiveCfg = Debug|Any CPU
		{CC141AD5-16E8-473B-8547-3347669C33AA}.Debug|Any CPU.Build.0 = Debug|Any CPU
		{CC141AD5-16E8-473B-8547-3347669C33AA}.Debug|x86.ActiveCfg = Debug|Any CPU
		{CC141AD5-16E8-473B-8547-3347669C33AA}.Debug|x86.Build.0 = Debug|Any CPU
		{CC141AD5-16E8-473B-8547-3347669C33AA}.Release|Any CPU.ActiveCfg = Release|Any CPU
		{CC141AD5-16E8-473B-8547-3347669C33AA}.Release|Any CPU.Build.0 = Release|Any CPU
		{CC141AD5-16E8-473B-8547-3347669C33AA}.Release|x86.ActiveCfg = Release|Any CPU
		{CC141AD5-16E8-473B-8547-3347669C33AA}.Release|x86.Build.0 = Release|Any CPU
	EndGlobalSection
	GlobalSection(SolutionProperties) = preSolution
		HideSolutionNode = FALSE
	EndGlobalSection
	GlobalSection(ExtensibilityGlobals) = postSolution
		SolutionGuid = {F8EC1A0E-83D3-43D4-AF68-AA557A8EC98A}
	EndGlobalSection
	GlobalSection(NestedProjects) = preSolution
		{CC141AD5-16E8-473B-8547-3347669C33AA} = {0EDAD429-6197-4233-95E7-D3705731C9D6}
		{7A48787C-BA51-47AA-9350-93269EE23ACC} = {0EDAD429-6197-4233-95E7-D3705731C9D6}
		{E989BFFF-1C17-40FB-A54D-3222B1AAF7F8} = {0EDAD429-6197-4233-95E7-D3705731C9D6}
		{563E7924-B639-4578-8CC9-511C2ED7C12D} = {21C66041-FDF8-4D4B-A2B1-A6FFB4992E6B}
		{D8A06E4D-36CE-4DA6-B671-0BEF61246940} = {21C66041-FDF8-4D4B-A2B1-A6FFB4992E6B}
	EndGlobalSection
EndGlobal
