
Microsoft Visual Studio Solution File, Format Version 12.00
# Visual Studio Version 16
VisualStudioVersion = 16.0.30523.141
MinimumVisualStudioVersion = 10.0.40219.1
Project("{9A19103F-16F7-4668-BE54-9A1E7A4F7556}") = "RediveExtract", "src\RediveExtract\RediveExtract.csproj", "{6D2CBF4E-F17E-46FB-86D6-6F7602D84C39}"
EndProject
Project("{9A19103F-16F7-4668-BE54-9A1E7A4F7556}") = "RediveStoryDeserializer", "src\RediveStoryDeserializer\RediveStoryDeserializer.csproj", "{239B99B6-F434-469F-9567-82C2EFD6400B}"
EndProject
Project("{9A19103F-16F7-4668-BE54-9A1E7A4F7556}") = "RediveMediaExtractor", "src\RediveVideoExtractor\RediveMediaExtractor.csproj", "{56360167-B370-4FAE-B18B-C1E5958EE583}"
EndProject
Project("{9A19103F-16F7-4668-BE54-9A1E7A4F7556}") = "RediveUtils", "src\RediveUtils\RediveUtils.csproj", "{9D4B454E-8B6C-402F-ACC5-27647F17D98B}"
EndProject
Project("{9A19103F-16F7-4668-BE54-9A1E7A4F7556}") = "TextureSplit", "src\TextureSplit\TextureSplit.csproj", "{AC660FC4-BB26-4C63-A8BB-B82CEB592935}"
EndProject
Project("{2150E333-8FDC-42A3-9474-1A3956D46DE8}") = "Project Files", "Project Files", "{31076C42-F9DF-49BC-B500-1196DC619A1F}"
	ProjectSection(SolutionItems) = preProject
		.gitattributes = .gitattributes
		.gitignore = .gitignore
		LICENSE = LICENSE
		README.md = README.md
	EndProjectSection
EndProject
Project("{2150E333-8FDC-42A3-9474-1A3956D46DE8}") = "GitHub Actions", "GitHub Actions", "{8E87D378-E07A-4889-9C4B-6FA9F4FC7ED0}"
	ProjectSection(SolutionItems) = preProject
		.github\workflows\build-project.yml = .github\workflows\build-project.yml
		.github\workflows\create-release.yml = .github\workflows\create-release.yml
		.github\workflows\manifest-fetch.yml = .github\workflows\manifest-fetch.yml
		.github\workflows\fetch.yml = .github\workflows\fetch.yml
	EndProjectSection
EndProject
Project("{2150E333-8FDC-42A3-9474-1A3956D46DE8}") = "Scripts", "Scripts", "{B6BA0774-FA57-4F45-B481-CC611EDE91E7}"
	ProjectSection(SolutionItems) = preProject
		scripts\ngdive.psm1 = scripts\ngdive.psm1
		scripts\update.ps1 = scripts\update.ps1
	EndProjectSection
EndProject
Global
	GlobalSection(SolutionConfigurationPlatforms) = preSolution
		Debug|Any CPU = Debug|Any CPU
		Debug|x86 = Debug|x86
		Release|Any CPU = Release|Any CPU
		Release|x86 = Release|x86
	EndGlobalSection
	GlobalSection(ProjectConfigurationPlatforms) = postSolution
		{6D2CBF4E-F17E-46FB-86D6-6F7602D84C39}.Debug|Any CPU.ActiveCfg = Debug|Any CPU
		{6D2CBF4E-F17E-46FB-86D6-6F7602D84C39}.Debug|Any CPU.Build.0 = Debug|Any CPU
		{6D2CBF4E-F17E-46FB-86D6-6F7602D84C39}.Debug|x86.ActiveCfg = Debug|Any CPU
		{6D2CBF4E-F17E-46FB-86D6-6F7602D84C39}.Debug|x86.Build.0 = Debug|Any CPU
		{6D2CBF4E-F17E-46FB-86D6-6F7602D84C39}.Release|Any CPU.ActiveCfg = Release|Any CPU
		{6D2CBF4E-F17E-46FB-86D6-6F7602D84C39}.Release|Any CPU.Build.0 = Release|Any CPU
		{6D2CBF4E-F17E-46FB-86D6-6F7602D84C39}.Release|x86.ActiveCfg = Release|Any CPU
		{6D2CBF4E-F17E-46FB-86D6-6F7602D84C39}.Release|x86.Build.0 = Release|Any CPU
		{239B99B6-F434-469F-9567-82C2EFD6400B}.Debug|Any CPU.ActiveCfg = Debug|Any CPU
		{239B99B6-F434-469F-9567-82C2EFD6400B}.Debug|Any CPU.Build.0 = Debug|Any CPU
		{239B99B6-F434-469F-9567-82C2EFD6400B}.Debug|x86.ActiveCfg = Debug|Any CPU
		{239B99B6-F434-469F-9567-82C2EFD6400B}.Debug|x86.Build.0 = Debug|Any CPU
		{239B99B6-F434-469F-9567-82C2EFD6400B}.Release|Any CPU.ActiveCfg = Release|Any CPU
		{239B99B6-F434-469F-9567-82C2EFD6400B}.Release|Any CPU.Build.0 = Release|Any CPU
		{239B99B6-F434-469F-9567-82C2EFD6400B}.Release|x86.ActiveCfg = Release|Any CPU
		{239B99B6-F434-469F-9567-82C2EFD6400B}.Release|x86.Build.0 = Release|Any CPU
		{56360167-B370-4FAE-B18B-C1E5958EE583}.Debug|Any CPU.ActiveCfg = Debug|Any CPU
		{56360167-B370-4FAE-B18B-C1E5958EE583}.Debug|Any CPU.Build.0 = Debug|Any CPU
		{56360167-B370-4FAE-B18B-C1E5958EE583}.Debug|x86.ActiveCfg = Debug|Any CPU
		{56360167-B370-4FAE-B18B-C1E5958EE583}.Debug|x86.Build.0 = Debug|Any CPU
		{56360167-B370-4FAE-B18B-C1E5958EE583}.Release|Any CPU.ActiveCfg = Release|Any CPU
		{56360167-B370-4FAE-B18B-C1E5958EE583}.Release|Any CPU.Build.0 = Release|Any CPU
		{56360167-B370-4FAE-B18B-C1E5958EE583}.Release|x86.ActiveCfg = Release|Any CPU
		{56360167-B370-4FAE-B18B-C1E5958EE583}.Release|x86.Build.0 = Release|Any CPU
		{9D4B454E-8B6C-402F-ACC5-27647F17D98B}.Debug|Any CPU.ActiveCfg = Debug|Any CPU
		{9D4B454E-8B6C-402F-ACC5-27647F17D98B}.Debug|Any CPU.Build.0 = Debug|Any CPU
		{9D4B454E-8B6C-402F-ACC5-27647F17D98B}.Debug|x86.ActiveCfg = Debug|Any CPU
		{9D4B454E-8B6C-402F-ACC5-27647F17D98B}.Debug|x86.Build.0 = Debug|Any CPU
		{9D4B454E-8B6C-402F-ACC5-27647F17D98B}.Release|Any CPU.ActiveCfg = Release|Any CPU
		{9D4B454E-8B6C-402F-ACC5-27647F17D98B}.Release|Any CPU.Build.0 = Release|Any CPU
		{9D4B454E-8B6C-402F-ACC5-27647F17D98B}.Release|x86.ActiveCfg = Release|Any CPU
		{9D4B454E-8B6C-402F-ACC5-27647F17D98B}.Release|x86.Build.0 = Release|Any CPU
		{AC660FC4-BB26-4C63-A8BB-B82CEB592935}.Debug|Any CPU.ActiveCfg = Debug|Any CPU
		{AC660FC4-BB26-4C63-A8BB-B82CEB592935}.Debug|Any CPU.Build.0 = Debug|Any CPU
		{AC660FC4-BB26-4C63-A8BB-B82CEB592935}.Debug|x86.ActiveCfg = Debug|Any CPU
		{AC660FC4-BB26-4C63-A8BB-B82CEB592935}.Debug|x86.Build.0 = Debug|Any CPU
		{AC660FC4-BB26-4C63-A8BB-B82CEB592935}.Release|Any CPU.ActiveCfg = Release|Any CPU
		{AC660FC4-BB26-4C63-A8BB-B82CEB592935}.Release|Any CPU.Build.0 = Release|Any CPU
		{AC660FC4-BB26-4C63-A8BB-B82CEB592935}.Release|x86.ActiveCfg = Release|Any CPU
		{AC660FC4-BB26-4C63-A8BB-B82CEB592935}.Release|x86.Build.0 = Release|Any CPU
	EndGlobalSection
	GlobalSection(SolutionProperties) = preSolution
		HideSolutionNode = FALSE
	EndGlobalSection
	GlobalSection(NestedProjects) = preSolution
		{8E87D378-E07A-4889-9C4B-6FA9F4FC7ED0} = {31076C42-F9DF-49BC-B500-1196DC619A1F}
		{B6BA0774-FA57-4F45-B481-CC611EDE91E7} = {31076C42-F9DF-49BC-B500-1196DC619A1F}
	EndGlobalSection
	GlobalSection(ExtensibilityGlobals) = postSolution
		SolutionGuid = {F8EC1A0E-83D3-43D4-AF68-AA557A8EC98A}
	EndGlobalSection
EndGlobal
